// !$*UTF8*$!
{
	archiveVersion = 1;
	classes = {
	};
	objectVersion = 50;
	objects = {

/* Begin PBXBuildFile section */
		6E30A6BA26C42B440022E8EA /* HabitListCell.swift in Sources */ = {isa = PBXBuildFile; fileRef = 6E30A6B926C42B440022E8EA /* HabitListCell.swift */; };
		6E59E6E826C51A1700224EC5 /* DayCheckBoxView.swift in Sources */ = {isa = PBXBuildFile; fileRef = 6E59E6E726C51A1700224EC5 /* DayCheckBoxView.swift */; };
		6E59E6EA26C51C5F00224EC5 /* Date+Ext.swift in Sources */ = {isa = PBXBuildFile; fileRef = 6E59E6E926C51C5F00224EC5 /* Date+Ext.swift */; };
		6EDB22C326BBEDF800B48CAB /* AddHabitModalView.swift in Sources */ = {isa = PBXBuildFile; fileRef = 6EDB22C226BBEDF800B48CAB /* AddHabitModalView.swift */; };
		D30561192704510600F46114 /* Habit+CoreDataClass.swift in Sources */ = {isa = PBXBuildFile; fileRef = D30561172704510600F46114 /* Habit+CoreDataClass.swift */; };
		D30F6294274E34D60049BF33 /* GoodHabitsWidgetView.swift in Sources */ = {isa = PBXBuildFile; fileRef = D30F6292274E317A0049BF33 /* GoodHabitsWidgetView.swift */; };
		D30F6295274E379C0049BF33 /* Color+Ext.swift in Sources */ = {isa = PBXBuildFile; fileRef = D3FECC85270EEFF700C3C589 /* Color+Ext.swift */; };
		D30F6296274E37AC0049BF33 /* Color Palettes.xcassets in Resources */ = {isa = PBXBuildFile; fileRef = D3FECC82270EEB1B00C3C589 /* Color Palettes.xcassets */; };
		D30F6298274E382D0049BF33 /* BackgroundView.swift in Sources */ = {isa = PBXBuildFile; fileRef = D30F6297274E382D0049BF33 /* BackgroundView.swift */; };
		D30F6299274E39790049BF33 /* BackgroundView.swift in Sources */ = {isa = PBXBuildFile; fileRef = D30F6297274E382D0049BF33 /* BackgroundView.swift */; };
		D30F629B274E3B1D0049BF33 /* WeekDayVStack.swift in Sources */ = {isa = PBXBuildFile; fileRef = D30F629A274E3B1D0049BF33 /* WeekDayVStack.swift */; };
		D30F629C274E3B1D0049BF33 /* WeekDayVStack.swift in Sources */ = {isa = PBXBuildFile; fileRef = D30F629A274E3B1D0049BF33 /* WeekDayVStack.swift */; };
		D30F629D274E3BA40049BF33 /* WeekDay.swift in Sources */ = {isa = PBXBuildFile; fileRef = D39D3AD12747EA5C00258C7F /* WeekDay.swift */; };
		D30F629E274E4ADD0049BF33 /* Date+Ext.swift in Sources */ = {isa = PBXBuildFile; fileRef = 6E59E6E926C51C5F00224EC5 /* Date+Ext.swift */; };
		D3342FF7274D148400D3D866 /* WidgetKit.framework in Frameworks */ = {isa = PBXBuildFile; fileRef = D3342FF6274D148400D3D866 /* WidgetKit.framework */; };
		D3342FF9274D148400D3D866 /* SwiftUI.framework in Frameworks */ = {isa = PBXBuildFile; fileRef = D3342FF8274D148400D3D866 /* SwiftUI.framework */; };
		D3342FFC274D148400D3D866 /* GoodHabitsWidget.swift in Sources */ = {isa = PBXBuildFile; fileRef = D3342FFB274D148400D3D866 /* GoodHabitsWidget.swift */; };
		D3342FFF274D148500D3D866 /* Assets.xcassets in Resources */ = {isa = PBXBuildFile; fileRef = D3342FFE274D148500D3D866 /* Assets.xcassets */; };
		D3343005274D148500D3D866 /* GoodHabitsWidgetExtension.appex in Embed App Extensions */ = {isa = PBXBuildFile; fileRef = D3342FF4274D148400D3D866 /* GoodHabitsWidgetExtension.appex */; settings = {ATTRIBUTES = (RemoveHeadersOnCopy, ); }; };
		D3344CC92703564000BD8F2E /* HabitTests.swift in Sources */ = {isa = PBXBuildFile; fileRef = D3344CC82703564000BD8F2E /* HabitTests.swift */; };
		D33EE4FB2737F25700D54CA5 /* SmallCircleButtonView.swift in Sources */ = {isa = PBXBuildFile; fileRef = D33EE4FA2737F25600D54CA5 /* SmallCircleButtonView.swift */; };
		D3657E1D27283BAF00270A7B /* HabitListViewModel.swift in Sources */ = {isa = PBXBuildFile; fileRef = D3657E1C27283BAF00270A7B /* HabitListViewModel.swift */; };
		D3657E1F2728500900270A7B /* HabitListCellViewModel.swift in Sources */ = {isa = PBXBuildFile; fileRef = D3657E1E2728500900270A7B /* HabitListCellViewModel.swift */; };
		D39BD9FC26BAE9DD00CAFA0B /* GoodHabitsApp.swift in Sources */ = {isa = PBXBuildFile; fileRef = D39BD9FB26BAE9DD00CAFA0B /* GoodHabitsApp.swift */; };
		D39BD9FE26BAE9DD00CAFA0B /* HabitListView.swift in Sources */ = {isa = PBXBuildFile; fileRef = D39BD9FD26BAE9DD00CAFA0B /* HabitListView.swift */; };
		D39BDA0026BAE9E000CAFA0B /* Assets.xcassets in Resources */ = {isa = PBXBuildFile; fileRef = D39BD9FF26BAE9E000CAFA0B /* Assets.xcassets */; };
		D39BDA0326BAE9E000CAFA0B /* Preview Assets.xcassets in Resources */ = {isa = PBXBuildFile; fileRef = D39BDA0226BAE9E000CAFA0B /* Preview Assets.xcassets */; };
		D39BDA0526BAE9E000CAFA0B /* Persistence.swift in Sources */ = {isa = PBXBuildFile; fileRef = D39BDA0426BAE9E000CAFA0B /* Persistence.swift */; };
		D39BDA0826BAE9E000CAFA0B /* GoodHabits.xcdatamodeld in Sources */ = {isa = PBXBuildFile; fileRef = D39BDA0626BAE9E000CAFA0B /* GoodHabits.xcdatamodeld */; };
		D39D3AD22747EA5C00258C7F /* WeekDay.swift in Sources */ = {isa = PBXBuildFile; fileRef = D39D3AD12747EA5C00258C7F /* WeekDay.swift */; };
		D39FBD122754117000B1E91E /* Localizable.strings in Resources */ = {isa = PBXBuildFile; fileRef = D3DF8549273927BA001F39EE /* Localizable.strings */; };
		D3A02D662753809300F8E8E5 /* ColorSelection.intentdefinition in Sources */ = {isa = PBXBuildFile; fileRef = D3A02D692753809300F8E8E5 /* ColorSelection.intentdefinition */; };
		D3A02D672753809300F8E8E5 /* ColorSelection.intentdefinition in Sources */ = {isa = PBXBuildFile; fileRef = D3A02D692753809300F8E8E5 /* ColorSelection.intentdefinition */; };
		D3B9D5572750C7EE00620D7B /* GoodHabitsWidgetViewModel.swift in Sources */ = {isa = PBXBuildFile; fileRef = D3B9D5562750C7EE00620D7B /* GoodHabitsWidgetViewModel.swift */; };
		D3B9D5592750D14700620D7B /* GoodHabits.xcdatamodeld in Sources */ = {isa = PBXBuildFile; fileRef = D39BDA0626BAE9E000CAFA0B /* GoodHabits.xcdatamodeld */; };
		D3B9D55A2750D14C00620D7B /* Persistence.swift in Sources */ = {isa = PBXBuildFile; fileRef = D39BDA0426BAE9E000CAFA0B /* Persistence.swift */; };
		D3B9D55B2750D1D400620D7B /* Habit+CoreDataClass.swift in Sources */ = {isa = PBXBuildFile; fileRef = D30561172704510600F46114 /* Habit+CoreDataClass.swift */; };
		D3DF853C27391E2B001F39EE /* TitleView.swift in Sources */ = {isa = PBXBuildFile; fileRef = D3DF853B27391E2B001F39EE /* TitleView.swift */; };
		D3DF8541273920BB001F39EE /* HapticManager.swift in Sources */ = {isa = PBXBuildFile; fileRef = D3DF8540273920BB001F39EE /* HapticManager.swift */; };
		D3DF8543273922AD001F39EE /* AlertItem.swift in Sources */ = {isa = PBXBuildFile; fileRef = D3DF8542273922AD001F39EE /* AlertItem.swift */; };
		D3DF8547273927BA001F39EE /* Localizable.strings in Resources */ = {isa = PBXBuildFile; fileRef = D3DF8549273927BA001F39EE /* Localizable.strings */; };
		D3DF854C27393B21001F39EE /* CircleButtonView.swift in Sources */ = {isa = PBXBuildFile; fileRef = D3DF854B27393B21001F39EE /* CircleButtonView.swift */; };
		D3DF854E27394955001F39EE /* Constants.swift in Sources */ = {isa = PBXBuildFile; fileRef = D3DF854D27394955001F39EE /* Constants.swift */; };
		D3E2194F2701C6780030E9D7 /* View+Ext.swift in Sources */ = {isa = PBXBuildFile; fileRef = D3E2194E2701C6780030E9D7 /* View+Ext.swift */; };
		D3E219512701C9EC0030E9D7 /* DateTests.swift in Sources */ = {isa = PBXBuildFile; fileRef = D3E219502701C9EC0030E9D7 /* DateTests.swift */; };
		D3FECC83270EEB1B00C3C589 /* Color Palettes.xcassets in Resources */ = {isa = PBXBuildFile; fileRef = D3FECC82270EEB1B00C3C589 /* Color Palettes.xcassets */; };
		D3FECC86270EEFF700C3C589 /* Color+Ext.swift in Sources */ = {isa = PBXBuildFile; fileRef = D3FECC85270EEFF700C3C589 /* Color+Ext.swift */; };
/* End PBXBuildFile section */

/* Begin PBXContainerItemProxy section */
		D3343003274D148500D3D866 /* PBXContainerItemProxy */ = {
			isa = PBXContainerItemProxy;
			containerPortal = D39BD9F026BAE9DC00CAFA0B /* Project object */;
			proxyType = 1;
			remoteGlobalIDString = D3342FF3274D148400D3D866;
			remoteInfo = GoodHabitsWidgetExtension;
		};
		D39BDA0F26BAE9E000CAFA0B /* PBXContainerItemProxy */ = {
			isa = PBXContainerItemProxy;
			containerPortal = D39BD9F026BAE9DC00CAFA0B /* Project object */;
			proxyType = 1;
			remoteGlobalIDString = D39BD9F726BAE9DD00CAFA0B;
			remoteInfo = GoodHabits;
		};
/* End PBXContainerItemProxy section */

/* Begin PBXCopyFilesBuildPhase section */
		D3343006274D148500D3D866 /* Embed App Extensions */ = {
			isa = PBXCopyFilesBuildPhase;
			buildActionMask = 2147483647;
			dstPath = "";
			dstSubfolderSpec = 13;
			files = (
				D3343005274D148500D3D866 /* GoodHabitsWidgetExtension.appex in Embed App Extensions */,
			);
			name = "Embed App Extensions";
			runOnlyForDeploymentPostprocessing = 0;
		};
		D3AE00E52709C0AD00CE743A /* CopyFiles */ = {
			isa = PBXCopyFilesBuildPhase;
			buildActionMask = 2147483647;
			dstPath = "";
			dstSubfolderSpec = 7;
			files = (
			);
			runOnlyForDeploymentPostprocessing = 0;
		};
/* End PBXCopyFilesBuildPhase section */

/* Begin PBXFileReference section */
		6E30A6B926C42B440022E8EA /* HabitListCell.swift */ = {isa = PBXFileReference; lastKnownFileType = sourcecode.swift; path = HabitListCell.swift; sourceTree = "<group>"; };
		6E59E6E726C51A1700224EC5 /* DayCheckBoxView.swift */ = {isa = PBXFileReference; lastKnownFileType = sourcecode.swift; path = DayCheckBoxView.swift; sourceTree = "<group>"; };
		6E59E6E926C51C5F00224EC5 /* Date+Ext.swift */ = {isa = PBXFileReference; lastKnownFileType = sourcecode.swift; path = "Date+Ext.swift"; sourceTree = "<group>"; };
		6EDB22C226BBEDF800B48CAB /* AddHabitModalView.swift */ = {isa = PBXFileReference; lastKnownFileType = sourcecode.swift; path = AddHabitModalView.swift; sourceTree = "<group>"; };
		D30561172704510600F46114 /* Habit+CoreDataClass.swift */ = {isa = PBXFileReference; lastKnownFileType = sourcecode.swift; path = "Habit+CoreDataClass.swift"; sourceTree = "<group>"; };
		D30F6292274E317A0049BF33 /* GoodHabitsWidgetView.swift */ = {isa = PBXFileReference; lastKnownFileType = sourcecode.swift; path = GoodHabitsWidgetView.swift; sourceTree = "<group>"; };
		D30F6297274E382D0049BF33 /* BackgroundView.swift */ = {isa = PBXFileReference; lastKnownFileType = sourcecode.swift; path = BackgroundView.swift; sourceTree = "<group>"; };
		D30F629A274E3B1D0049BF33 /* WeekDayVStack.swift */ = {isa = PBXFileReference; lastKnownFileType = sourcecode.swift; path = WeekDayVStack.swift; sourceTree = "<group>"; };
		D3342FF4274D148400D3D866 /* GoodHabitsWidgetExtension.appex */ = {isa = PBXFileReference; explicitFileType = "wrapper.app-extension"; includeInIndex = 0; path = GoodHabitsWidgetExtension.appex; sourceTree = BUILT_PRODUCTS_DIR; };
		D3342FF6274D148400D3D866 /* WidgetKit.framework */ = {isa = PBXFileReference; lastKnownFileType = wrapper.framework; name = WidgetKit.framework; path = System/Library/Frameworks/WidgetKit.framework; sourceTree = SDKROOT; };
		D3342FF8274D148400D3D866 /* SwiftUI.framework */ = {isa = PBXFileReference; lastKnownFileType = wrapper.framework; name = SwiftUI.framework; path = System/Library/Frameworks/SwiftUI.framework; sourceTree = SDKROOT; };
		D3342FFB274D148400D3D866 /* GoodHabitsWidget.swift */ = {isa = PBXFileReference; lastKnownFileType = sourcecode.swift; path = GoodHabitsWidget.swift; sourceTree = "<group>"; };
		D3342FFE274D148500D3D866 /* Assets.xcassets */ = {isa = PBXFileReference; lastKnownFileType = folder.assetcatalog; path = Assets.xcassets; sourceTree = "<group>"; };
		D3343000274D148500D3D866 /* Info.plist */ = {isa = PBXFileReference; lastKnownFileType = text.plist.xml; path = Info.plist; sourceTree = "<group>"; };
		D3344CC82703564000BD8F2E /* HabitTests.swift */ = {isa = PBXFileReference; lastKnownFileType = sourcecode.swift; path = HabitTests.swift; sourceTree = "<group>"; };
		D33E77D427510C65004FE877 /* GoodHabitsWidgetExtension.entitlements */ = {isa = PBXFileReference; lastKnownFileType = text.plist.entitlements; path = GoodHabitsWidgetExtension.entitlements; sourceTree = "<group>"; };
		D33E77D527510C77004FE877 /* GoodHabits.entitlements */ = {isa = PBXFileReference; lastKnownFileType = text.plist.entitlements; path = GoodHabits.entitlements; sourceTree = "<group>"; };
		D33EE4FA2737F25600D54CA5 /* SmallCircleButtonView.swift */ = {isa = PBXFileReference; lastKnownFileType = sourcecode.swift; path = SmallCircleButtonView.swift; sourceTree = "<group>"; };
		D3657E1C27283BAF00270A7B /* HabitListViewModel.swift */ = {isa = PBXFileReference; lastKnownFileType = sourcecode.swift; path = HabitListViewModel.swift; sourceTree = "<group>"; };
		D3657E1E2728500900270A7B /* HabitListCellViewModel.swift */ = {isa = PBXFileReference; lastKnownFileType = sourcecode.swift; path = HabitListCellViewModel.swift; sourceTree = "<group>"; };
		D39BD9F826BAE9DD00CAFA0B /* GoodHabits.app */ = {isa = PBXFileReference; explicitFileType = wrapper.application; includeInIndex = 0; path = GoodHabits.app; sourceTree = BUILT_PRODUCTS_DIR; };
		D39BD9FB26BAE9DD00CAFA0B /* GoodHabitsApp.swift */ = {isa = PBXFileReference; lastKnownFileType = sourcecode.swift; path = GoodHabitsApp.swift; sourceTree = "<group>"; };
		D39BD9FD26BAE9DD00CAFA0B /* HabitListView.swift */ = {isa = PBXFileReference; lastKnownFileType = sourcecode.swift; path = HabitListView.swift; sourceTree = "<group>"; };
		D39BD9FF26BAE9E000CAFA0B /* Assets.xcassets */ = {isa = PBXFileReference; lastKnownFileType = folder.assetcatalog; path = Assets.xcassets; sourceTree = "<group>"; };
		D39BDA0226BAE9E000CAFA0B /* Preview Assets.xcassets */ = {isa = PBXFileReference; lastKnownFileType = folder.assetcatalog; path = "Preview Assets.xcassets"; sourceTree = "<group>"; };
		D39BDA0426BAE9E000CAFA0B /* Persistence.swift */ = {isa = PBXFileReference; lastKnownFileType = sourcecode.swift; path = Persistence.swift; sourceTree = "<group>"; };
		D39BDA0726BAE9E000CAFA0B /* GoodHabits.xcdatamodel */ = {isa = PBXFileReference; lastKnownFileType = wrapper.xcdatamodel; path = GoodHabits.xcdatamodel; sourceTree = "<group>"; };
		D39BDA0926BAE9E000CAFA0B /* Info.plist */ = {isa = PBXFileReference; lastKnownFileType = text.plist.xml; path = Info.plist; sourceTree = "<group>"; };
		D39BDA0E26BAE9E000CAFA0B /* GoodHabitsTests.xctest */ = {isa = PBXFileReference; explicitFileType = wrapper.cfbundle; includeInIndex = 0; path = GoodHabitsTests.xctest; sourceTree = BUILT_PRODUCTS_DIR; };
		D39BDA1426BAE9E000CAFA0B /* Info.plist */ = {isa = PBXFileReference; lastKnownFileType = text.plist.xml; path = Info.plist; sourceTree = "<group>"; };
		D39D3AD12747EA5C00258C7F /* WeekDay.swift */ = {isa = PBXFileReference; lastKnownFileType = sourcecode.swift; path = WeekDay.swift; sourceTree = "<group>"; };
		D3A02D682753809300F8E8E5 /* Base */ = {isa = PBXFileReference; lastKnownFileType = file.intentdefinition; name = Base; path = Base.lproj/ColorSelection.intentdefinition; sourceTree = "<group>"; };
		D3A02D6B275380A200F8E8E5 /* en */ = {isa = PBXFileReference; lastKnownFileType = text.plist.strings; name = en; path = en.lproj/ColorSelection.strings; sourceTree = "<group>"; };
		D3A02D6D275380A300F8E8E5 /* de */ = {isa = PBXFileReference; lastKnownFileType = text.plist.strings; name = de; path = de.lproj/ColorSelection.strings; sourceTree = "<group>"; };
		D3B9D5562750C7EE00620D7B /* GoodHabitsWidgetViewModel.swift */ = {isa = PBXFileReference; lastKnownFileType = sourcecode.swift; path = GoodHabitsWidgetViewModel.swift; sourceTree = "<group>"; };
		D3DF853B27391E2B001F39EE /* TitleView.swift */ = {isa = PBXFileReference; lastKnownFileType = sourcecode.swift; path = TitleView.swift; sourceTree = "<group>"; };
		D3DF8540273920BB001F39EE /* HapticManager.swift */ = {isa = PBXFileReference; lastKnownFileType = sourcecode.swift; path = HapticManager.swift; sourceTree = "<group>"; };
		D3DF8542273922AD001F39EE /* AlertItem.swift */ = {isa = PBXFileReference; lastKnownFileType = sourcecode.swift; path = AlertItem.swift; sourceTree = "<group>"; };
		D3DF8548273927BA001F39EE /* en */ = {isa = PBXFileReference; lastKnownFileType = text.plist.strings; name = en; path = en.lproj/Localizable.strings; sourceTree = "<group>"; };
		D3DF854A273927E6001F39EE /* de */ = {isa = PBXFileReference; lastKnownFileType = text.plist.strings; name = de; path = de.lproj/Localizable.strings; sourceTree = "<group>"; };
		D3DF854B27393B21001F39EE /* CircleButtonView.swift */ = {isa = PBXFileReference; lastKnownFileType = sourcecode.swift; path = CircleButtonView.swift; sourceTree = "<group>"; };
		D3DF854D27394955001F39EE /* Constants.swift */ = {isa = PBXFileReference; lastKnownFileType = sourcecode.swift; path = Constants.swift; sourceTree = "<group>"; };
		D3E2194E2701C6780030E9D7 /* View+Ext.swift */ = {isa = PBXFileReference; lastKnownFileType = sourcecode.swift; path = "View+Ext.swift"; sourceTree = "<group>"; };
		D3E219502701C9EC0030E9D7 /* DateTests.swift */ = {isa = PBXFileReference; lastKnownFileType = sourcecode.swift; name = DateTests.swift; path = GoodHabitsTests/Utilities/Extensions/DateTests.swift; sourceTree = SOURCE_ROOT; };
		D3FECC82270EEB1B00C3C589 /* Color Palettes.xcassets */ = {isa = PBXFileReference; lastKnownFileType = folder.assetcatalog; path = "Color Palettes.xcassets"; sourceTree = "<group>"; };
		D3FECC85270EEFF700C3C589 /* Color+Ext.swift */ = {isa = PBXFileReference; lastKnownFileType = sourcecode.swift; path = "Color+Ext.swift"; sourceTree = "<group>"; };
/* End PBXFileReference section */

/* Begin PBXFrameworksBuildPhase section */
		D3342FF1274D148400D3D866 /* Frameworks */ = {
			isa = PBXFrameworksBuildPhase;
			buildActionMask = 2147483647;
			files = (
				D3342FF9274D148400D3D866 /* SwiftUI.framework in Frameworks */,
				D3342FF7274D148400D3D866 /* WidgetKit.framework in Frameworks */,
			);
			runOnlyForDeploymentPostprocessing = 0;
		};
		D39BD9F526BAE9DD00CAFA0B /* Frameworks */ = {
			isa = PBXFrameworksBuildPhase;
			buildActionMask = 2147483647;
			files = (
			);
			runOnlyForDeploymentPostprocessing = 0;
		};
		D39BDA0B26BAE9E000CAFA0B /* Frameworks */ = {
			isa = PBXFrameworksBuildPhase;
			buildActionMask = 2147483647;
			files = (
			);
			runOnlyForDeploymentPostprocessing = 0;
		};
/* End PBXFrameworksBuildPhase section */

/* Begin PBXGroup section */
		D3342FF5274D148400D3D866 /* Frameworks */ = {
			isa = PBXGroup;
			children = (
				D3342FF6274D148400D3D866 /* WidgetKit.framework */,
				D3342FF8274D148400D3D866 /* SwiftUI.framework */,
			);
			name = Frameworks;
			sourceTree = "<group>";
		};
		D3342FFA274D148400D3D866 /* GoodHabitsWidget */ = {
			isa = PBXGroup;
			children = (
				D3B9D5582750C80500620D7B /* Views */,
				D3342FFB274D148400D3D866 /* GoodHabitsWidget.swift */,
				D3A02D692753809300F8E8E5 /* ColorSelection.intentdefinition */,
				D3342FFE274D148500D3D866 /* Assets.xcassets */,
				D3343000274D148500D3D866 /* Info.plist */,
			);
			path = GoodHabitsWidget;
			sourceTree = "<group>";
		};
		D33EE4FC2737F26500D54CA5 /* Buttons */ = {
			isa = PBXGroup;
			children = (
				D3DF854B27393B21001F39EE /* CircleButtonView.swift */,
				D33EE4FA2737F25600D54CA5 /* SmallCircleButtonView.swift */,
			);
			path = Buttons;
			sourceTree = "<group>";
		};
		D3657E10272829D500270A7B /* Utilities */ = {
			isa = PBXGroup;
			children = (
				D3657E11272829F300270A7B /* Extensions */,
				D3DF8542273922AD001F39EE /* AlertItem.swift */,
				D3DF854D27394955001F39EE /* Constants.swift */,
			);
			path = Utilities;
			sourceTree = "<group>";
		};
		D3657E11272829F300270A7B /* Extensions */ = {
			isa = PBXGroup;
			children = (
				D3FECC85270EEFF700C3C589 /* Color+Ext.swift */,
				6E59E6E926C51C5F00224EC5 /* Date+Ext.swift */,
				D3E2194E2701C6780030E9D7 /* View+Ext.swift */,
			);
			path = Extensions;
			sourceTree = "<group>";
		};
		D3657E1227282AA700270A7B /* Views */ = {
			isa = PBXGroup;
			children = (
				D33EE4FC2737F26500D54CA5 /* Buttons */,
				D3657E1527282B8200270A7B /* Screens */,
				D3657E1427282B5400270A7B /* Toggles */,
				D3657E1327282AD000270A7B /* Cells */,
				D3DF853B27391E2B001F39EE /* TitleView.swift */,
				D30F6297274E382D0049BF33 /* BackgroundView.swift */,
				D30F629A274E3B1D0049BF33 /* WeekDayVStack.swift */,
			);
			path = Views;
			sourceTree = "<group>";
		};
		D3657E1327282AD000270A7B /* Cells */ = {
			isa = PBXGroup;
			children = (
				6E30A6B926C42B440022E8EA /* HabitListCell.swift */,
				D3657E1E2728500900270A7B /* HabitListCellViewModel.swift */,
			);
			path = Cells;
			sourceTree = "<group>";
		};
		D3657E1427282B5400270A7B /* Toggles */ = {
			isa = PBXGroup;
			children = (
				6E59E6E726C51A1700224EC5 /* DayCheckBoxView.swift */,
			);
			path = Toggles;
			sourceTree = "<group>";
		};
		D3657E1527282B8200270A7B /* Screens */ = {
			isa = PBXGroup;
			children = (
				D3657E1627282B8D00270A7B /* HabitListView */,
			);
			path = Screens;
			sourceTree = "<group>";
		};
		D3657E1627282B8D00270A7B /* HabitListView */ = {
			isa = PBXGroup;
			children = (
				D3657E1C27283BAF00270A7B /* HabitListViewModel.swift */,
				D39BD9FD26BAE9DD00CAFA0B /* HabitListView.swift */,
				6EDB22C226BBEDF800B48CAB /* AddHabitModalView.swift */,
			);
			path = HabitListView;
			sourceTree = "<group>";
		};
		D3657E1827282C3200270A7B /* Persistence */ = {
			isa = PBXGroup;
			children = (
				D39BDA0626BAE9E000CAFA0B /* GoodHabits.xcdatamodeld */,
				D39BDA0426BAE9E000CAFA0B /* Persistence.swift */,
				D30561172704510600F46114 /* Habit+CoreDataClass.swift */,
			);
			path = Persistence;
			sourceTree = "<group>";
		};
		D3657E1927282C5800270A7B /* Persistence */ = {
			isa = PBXGroup;
			children = (
				D3344CC82703564000BD8F2E /* HabitTests.swift */,
			);
			path = Persistence;
			sourceTree = "<group>";
		};
		D3657E1A27282C6700270A7B /* Utilities */ = {
			isa = PBXGroup;
			children = (
				D3657E1B27282C7800270A7B /* Extensions */,
			);
			path = Utilities;
			sourceTree = "<group>";
		};
		D3657E1B27282C7800270A7B /* Extensions */ = {
			isa = PBXGroup;
			children = (
				D3E219502701C9EC0030E9D7 /* DateTests.swift */,
			);
			path = Extensions;
			sourceTree = "<group>";
		};
		D399F97B2750F8A8006952E0 /* Shared */ = {
			isa = PBXGroup;
			children = (
				D3657E1827282C3200270A7B /* Persistence */,
			);
			path = Shared;
			sourceTree = "<group>";
		};
		D39BD9EF26BAE9DC00CAFA0B = {
			isa = PBXGroup;
			children = (
				D33E77D427510C65004FE877 /* GoodHabitsWidgetExtension.entitlements */,
				D399F97B2750F8A8006952E0 /* Shared */,
				D39BD9FA26BAE9DD00CAFA0B /* GoodHabits */,
				D39BDA1126BAE9E000CAFA0B /* GoodHabitsTests */,
				D3342FFA274D148400D3D866 /* GoodHabitsWidget */,
				D3342FF5274D148400D3D866 /* Frameworks */,
				D39BD9F926BAE9DD00CAFA0B /* Products */,
			);
			sourceTree = "<group>";
		};
		D39BD9F926BAE9DD00CAFA0B /* Products */ = {
			isa = PBXGroup;
			children = (
				D39BD9F826BAE9DD00CAFA0B /* GoodHabits.app */,
				D39BDA0E26BAE9E000CAFA0B /* GoodHabitsTests.xctest */,
				D3342FF4274D148400D3D866 /* GoodHabitsWidgetExtension.appex */,
			);
			name = Products;
			sourceTree = "<group>";
		};
		D39BD9FA26BAE9DD00CAFA0B /* GoodHabits */ = {
			isa = PBXGroup;
			children = (
				D33E77D527510C77004FE877 /* GoodHabits.entitlements */,
				D39D3AD02747EA4E00258C7F /* Model */,
				D3DF8544273926B4001F39EE /* l10n */,
				D3DF853F27392085001F39EE /* Managers */,
				D3FECC84270EEB3E00C3C589 /* Resources */,
				D3657E1227282AA700270A7B /* Views */,
				D3657E10272829D500270A7B /* Utilities */,
				D39BDA0926BAE9E000CAFA0B /* Info.plist */,
				D39BD9FB26BAE9DD00CAFA0B /* GoodHabitsApp.swift */,
				D39BDA0126BAE9E000CAFA0B /* Preview Content */,
			);
			path = GoodHabits;
			sourceTree = "<group>";
		};
		D39BDA0126BAE9E000CAFA0B /* Preview Content */ = {
			isa = PBXGroup;
			children = (
				D39BDA0226BAE9E000CAFA0B /* Preview Assets.xcassets */,
			);
			path = "Preview Content";
			sourceTree = "<group>";
		};
		D39BDA1126BAE9E000CAFA0B /* GoodHabitsTests */ = {
			isa = PBXGroup;
			children = (
				D3657E1927282C5800270A7B /* Persistence */,
				D3657E1A27282C6700270A7B /* Utilities */,
				D39BDA1426BAE9E000CAFA0B /* Info.plist */,
			);
			path = GoodHabitsTests;
			sourceTree = "<group>";
		};
		D39D3AD02747EA4E00258C7F /* Model */ = {
			isa = PBXGroup;
			children = (
				D39D3AD12747EA5C00258C7F /* WeekDay.swift */,
			);
			path = Model;
			sourceTree = "<group>";
		};
		D3B9D5582750C80500620D7B /* Views */ = {
			isa = PBXGroup;
			children = (
				D30F6292274E317A0049BF33 /* GoodHabitsWidgetView.swift */,
				D3B9D5562750C7EE00620D7B /* GoodHabitsWidgetViewModel.swift */,
			);
			path = Views;
			sourceTree = "<group>";
		};
		D3DF853F27392085001F39EE /* Managers */ = {
			isa = PBXGroup;
			children = (
				D3DF8540273920BB001F39EE /* HapticManager.swift */,
			);
			path = Managers;
			sourceTree = "<group>";
		};
		D3DF8544273926B4001F39EE /* l10n */ = {
			isa = PBXGroup;
			children = (
				D3DF8549273927BA001F39EE /* Localizable.strings */,
			);
			path = l10n;
			sourceTree = "<group>";
		};
		D3FECC84270EEB3E00C3C589 /* Resources */ = {
			isa = PBXGroup;
			children = (
				D39BD9FF26BAE9E000CAFA0B /* Assets.xcassets */,
				D3FECC82270EEB1B00C3C589 /* Color Palettes.xcassets */,
			);
			path = Resources;
			sourceTree = "<group>";
		};
/* End PBXGroup section */

/* Begin PBXNativeTarget section */
		D3342FF3274D148400D3D866 /* GoodHabitsWidgetExtension */ = {
			isa = PBXNativeTarget;
			buildConfigurationList = D3343009274D148500D3D866 /* Build configuration list for PBXNativeTarget "GoodHabitsWidgetExtension" */;
			buildPhases = (
				D3342FF0274D148400D3D866 /* Sources */,
				D3342FF1274D148400D3D866 /* Frameworks */,
				D3342FF2274D148400D3D866 /* Resources */,
			);
			buildRules = (
			);
			dependencies = (
			);
			name = GoodHabitsWidgetExtension;
			productName = GoodHabitsWidgetExtension;
			productReference = D3342FF4274D148400D3D866 /* GoodHabitsWidgetExtension.appex */;
			productType = "com.apple.product-type.app-extension";
		};
		D39BD9F726BAE9DD00CAFA0B /* GoodHabits */ = {
			isa = PBXNativeTarget;
			buildConfigurationList = D39BDA2226BAE9E000CAFA0B /* Build configuration list for PBXNativeTarget "GoodHabits" */;
			buildPhases = (
				D39BD9F426BAE9DD00CAFA0B /* Sources */,
				D39BD9F526BAE9DD00CAFA0B /* Frameworks */,
				D39BD9F626BAE9DD00CAFA0B /* Resources */,
				D3AE00E52709C0AD00CE743A /* CopyFiles */,
				D3AE00E62709C0B800CE743A /* ShellScript */,
				D3343006274D148500D3D866 /* Embed App Extensions */,
			);
			buildRules = (
			);
			dependencies = (
				D3343004274D148500D3D866 /* PBXTargetDependency */,
			);
			name = GoodHabits;
			productName = GoodHabits;
			productReference = D39BD9F826BAE9DD00CAFA0B /* GoodHabits.app */;
			productType = "com.apple.product-type.application";
		};
		D39BDA0D26BAE9E000CAFA0B /* GoodHabitsTests */ = {
			isa = PBXNativeTarget;
			buildConfigurationList = D39BDA2526BAE9E000CAFA0B /* Build configuration list for PBXNativeTarget "GoodHabitsTests" */;
			buildPhases = (
				D39BDA0A26BAE9E000CAFA0B /* Sources */,
				D39BDA0B26BAE9E000CAFA0B /* Frameworks */,
				D39BDA0C26BAE9E000CAFA0B /* Resources */,
				D3AE00E72709C56200CE743A /* ShellScript */,
			);
			buildRules = (
			);
			dependencies = (
				D39BDA1026BAE9E000CAFA0B /* PBXTargetDependency */,
			);
			name = GoodHabitsTests;
			productName = GoodHabitsTests;
			productReference = D39BDA0E26BAE9E000CAFA0B /* GoodHabitsTests.xctest */;
			productType = "com.apple.product-type.bundle.unit-test";
		};
/* End PBXNativeTarget section */

/* Begin PBXProject section */
		D39BD9F026BAE9DC00CAFA0B /* Project object */ = {
			isa = PBXProject;
			attributes = {
				LastSwiftUpdateCheck = 1310;
				LastUpgradeCheck = 1250;
				TargetAttributes = {
					D3342FF3274D148400D3D866 = {
						CreatedOnToolsVersion = 13.1;
					};
					D39BD9F726BAE9DD00CAFA0B = {
						CreatedOnToolsVersion = 12.5.1;
					};
					D39BDA0D26BAE9E000CAFA0B = {
						CreatedOnToolsVersion = 12.5.1;
						TestTargetID = D39BD9F726BAE9DD00CAFA0B;
					};
				};
			};
			buildConfigurationList = D39BD9F326BAE9DC00CAFA0B /* Build configuration list for PBXProject "GoodHabits" */;
			compatibilityVersion = "Xcode 9.3";
			developmentRegion = en;
			hasScannedForEncodings = 0;
			knownRegions = (
				en,
				Base,
				de,
			);
			mainGroup = D39BD9EF26BAE9DC00CAFA0B;
			productRefGroup = D39BD9F926BAE9DD00CAFA0B /* Products */;
			projectDirPath = "";
			projectRoot = "";
			targets = (
				D39BD9F726BAE9DD00CAFA0B /* GoodHabits */,
				D39BDA0D26BAE9E000CAFA0B /* GoodHabitsTests */,
				D3342FF3274D148400D3D866 /* GoodHabitsWidgetExtension */,
			);
		};
/* End PBXProject section */

/* Begin PBXResourcesBuildPhase section */
		D3342FF2274D148400D3D866 /* Resources */ = {
			isa = PBXResourcesBuildPhase;
			buildActionMask = 2147483647;
			files = (
				D30F6296274E37AC0049BF33 /* Color Palettes.xcassets in Resources */,
				D39FBD122754117000B1E91E /* Localizable.strings in Resources */,
				D3342FFF274D148500D3D866 /* Assets.xcassets in Resources */,
			);
			runOnlyForDeploymentPostprocessing = 0;
		};
		D39BD9F626BAE9DD00CAFA0B /* Resources */ = {
			isa = PBXResourcesBuildPhase;
			buildActionMask = 2147483647;
			files = (
				D39BDA0326BAE9E000CAFA0B /* Preview Assets.xcassets in Resources */,
				D3DF8547273927BA001F39EE /* Localizable.strings in Resources */,
				D39BDA0026BAE9E000CAFA0B /* Assets.xcassets in Resources */,
				D3FECC83270EEB1B00C3C589 /* Color Palettes.xcassets in Resources */,
			);
			runOnlyForDeploymentPostprocessing = 0;
		};
		D39BDA0C26BAE9E000CAFA0B /* Resources */ = {
			isa = PBXResourcesBuildPhase;
			buildActionMask = 2147483647;
			files = (
			);
			runOnlyForDeploymentPostprocessing = 0;
		};
/* End PBXResourcesBuildPhase section */

/* Begin PBXShellScriptBuildPhase section */
		D3AE00E62709C0B800CE743A /* ShellScript */ = {
			isa = PBXShellScriptBuildPhase;
			buildActionMask = 2147483647;
			files = (
			);
			inputFileListPaths = (
			);
			inputPaths = (
			);
			outputFileListPaths = (
			);
			outputPaths = (
			);
			runOnlyForDeploymentPostprocessing = 0;
			shellPath = /bin/sh;
			shellScript = "if which swiftlint >/dev/null; then\n  swiftlint autocorrect && swiftlint\nelse\n  echo \"warning: SwiftLint not installed, download from https://github.com/realm/SwiftLint\"\nfi\n";
		};
		D3AE00E72709C56200CE743A /* ShellScript */ = {
			isa = PBXShellScriptBuildPhase;
			buildActionMask = 2147483647;
			files = (
			);
			inputFileListPaths = (
			);
			inputPaths = (
			);
			outputFileListPaths = (
			);
			outputPaths = (
			);
			runOnlyForDeploymentPostprocessing = 0;
			shellPath = /bin/sh;
			shellScript = "if which swiftlint >/dev/null; then\n  swiftlint autocorrect && swiftlint\nelse\n  echo \"warning: SwiftLint not installed, download from https://github.com/realm/SwiftLint\"\nfi\n";
		};
/* End PBXShellScriptBuildPhase section */

/* Begin PBXSourcesBuildPhase section */
		D3342FF0274D148400D3D866 /* Sources */ = {
			isa = PBXSourcesBuildPhase;
			buildActionMask = 2147483647;
			files = (
				D3B9D55B2750D1D400620D7B /* Habit+CoreDataClass.swift in Sources */,
				D3B9D55A2750D14C00620D7B /* Persistence.swift in Sources */,
				D30F629D274E3BA40049BF33 /* WeekDay.swift in Sources */,
				D3B9D5572750C7EE00620D7B /* GoodHabitsWidgetViewModel.swift in Sources */,
				D3A02D672753809300F8E8E5 /* ColorSelection.intentdefinition in Sources */,
				D3B9D5592750D14700620D7B /* GoodHabits.xcdatamodeld in Sources */,
				D30F6299274E39790049BF33 /* BackgroundView.swift in Sources */,
				D30F629E274E4ADD0049BF33 /* Date+Ext.swift in Sources */,
				D30F629C274E3B1D0049BF33 /* WeekDayVStack.swift in Sources */,
				D30F6295274E379C0049BF33 /* Color+Ext.swift in Sources */,
				D3342FFC274D148400D3D866 /* GoodHabitsWidget.swift in Sources */,
				D30F6294274E34D60049BF33 /* GoodHabitsWidgetView.swift in Sources */,
			);
			runOnlyForDeploymentPostprocessing = 0;
		};
		D39BD9F426BAE9DD00CAFA0B /* Sources */ = {
			isa = PBXSourcesBuildPhase;
			buildActionMask = 2147483647;
			files = (
				D30561192704510600F46114 /* Habit+CoreDataClass.swift in Sources */,
				D30F6298274E382D0049BF33 /* BackgroundView.swift in Sources */,
				D3DF854E27394955001F39EE /* Constants.swift in Sources */,
				D39D3AD22747EA5C00258C7F /* WeekDay.swift in Sources */,
				D3FECC86270EEFF700C3C589 /* Color+Ext.swift in Sources */,
				D39BDA0526BAE9E000CAFA0B /* Persistence.swift in Sources */,
				D3657E1D27283BAF00270A7B /* HabitListViewModel.swift in Sources */,
				D3E2194F2701C6780030E9D7 /* View+Ext.swift in Sources */,
				D39BD9FE26BAE9DD00CAFA0B /* HabitListView.swift in Sources */,
				D30F629B274E3B1D0049BF33 /* WeekDayVStack.swift in Sources */,
				D3DF854C27393B21001F39EE /* CircleButtonView.swift in Sources */,
				D3657E1F2728500900270A7B /* HabitListCellViewModel.swift in Sources */,
				D3DF8543273922AD001F39EE /* AlertItem.swift in Sources */,
				D3DF853C27391E2B001F39EE /* TitleView.swift in Sources */,
				6E30A6BA26C42B440022E8EA /* HabitListCell.swift in Sources */,
				6E59E6EA26C51C5F00224EC5 /* Date+Ext.swift in Sources */,
				6E59E6E826C51A1700224EC5 /* DayCheckBoxView.swift in Sources */,
				D39BD9FC26BAE9DD00CAFA0B /* GoodHabitsApp.swift in Sources */,
				D3A02D662753809300F8E8E5 /* ColorSelection.intentdefinition in Sources */,
				D39BDA0826BAE9E000CAFA0B /* GoodHabits.xcdatamodeld in Sources */,
				6EDB22C326BBEDF800B48CAB /* AddHabitModalView.swift in Sources */,
				D33EE4FB2737F25700D54CA5 /* SmallCircleButtonView.swift in Sources */,
				D3DF8541273920BB001F39EE /* HapticManager.swift in Sources */,
			);
			runOnlyForDeploymentPostprocessing = 0;
		};
		D39BDA0A26BAE9E000CAFA0B /* Sources */ = {
			isa = PBXSourcesBuildPhase;
			buildActionMask = 2147483647;
			files = (
				D3E219512701C9EC0030E9D7 /* DateTests.swift in Sources */,
				D3344CC92703564000BD8F2E /* HabitTests.swift in Sources */,
			);
			runOnlyForDeploymentPostprocessing = 0;
		};
/* End PBXSourcesBuildPhase section */

/* Begin PBXTargetDependency section */
		D3343004274D148500D3D866 /* PBXTargetDependency */ = {
			isa = PBXTargetDependency;
			target = D3342FF3274D148400D3D866 /* GoodHabitsWidgetExtension */;
			targetProxy = D3343003274D148500D3D866 /* PBXContainerItemProxy */;
		};
		D39BDA1026BAE9E000CAFA0B /* PBXTargetDependency */ = {
			isa = PBXTargetDependency;
			target = D39BD9F726BAE9DD00CAFA0B /* GoodHabits */;
			targetProxy = D39BDA0F26BAE9E000CAFA0B /* PBXContainerItemProxy */;
		};
/* End PBXTargetDependency section */

/* Begin PBXVariantGroup section */
		D3A02D692753809300F8E8E5 /* ColorSelection.intentdefinition */ = {
			isa = PBXVariantGroup;
			children = (
				D3A02D682753809300F8E8E5 /* Base */,
				D3A02D6B275380A200F8E8E5 /* en */,
				D3A02D6D275380A300F8E8E5 /* de */,
			);
			name = ColorSelection.intentdefinition;
			sourceTree = "<group>";
		};
		D3DF8549273927BA001F39EE /* Localizable.strings */ = {
			isa = PBXVariantGroup;
			children = (
				D3DF8548273927BA001F39EE /* en */,
				D3DF854A273927E6001F39EE /* de */,
			);
			name = Localizable.strings;
			sourceTree = "<group>";
		};
/* End PBXVariantGroup section */

/* Begin XCBuildConfiguration section */
		D3343007274D148500D3D866 /* Debug */ = {
			isa = XCBuildConfiguration;
			buildSettings = {
				ASSETCATALOG_COMPILER_GLOBAL_ACCENT_COLOR_NAME = AccentColor;
				ASSETCATALOG_COMPILER_WIDGET_BACKGROUND_COLOR_NAME = WidgetBackground;
				CLANG_CXX_LANGUAGE_STANDARD = "gnu++17";
				CODE_SIGN_ENTITLEMENTS = GoodHabitsWidgetExtension.entitlements;
				CODE_SIGN_STYLE = Automatic;
				CURRENT_PROJECT_VERSION = 4;
				DEVELOPMENT_TEAM = K2X8834C2C;
				GENERATE_INFOPLIST_FILE = YES;
				INFOPLIST_FILE = GoodHabitsWidget/Info.plist;
				INFOPLIST_KEY_CFBundleDisplayName = GoodHabitsWidget;
				INFOPLIST_KEY_NSHumanReadableCopyright = "";
				IPHONEOS_DEPLOYMENT_TARGET = 15.0;
				LD_RUNPATH_SEARCH_PATHS = (
					"$(inherited)",
					"@executable_path/Frameworks",
					"@executable_path/../../Frameworks",
				);
				MARKETING_VERSION = 0.3;
				PRODUCT_BUNDLE_IDENTIFIER = com.simonbogutzky.GoodHabits.GoodHabitsWidget;
				PRODUCT_NAME = "$(TARGET_NAME)";
				SKIP_INSTALL = YES;
				SWIFT_EMIT_LOC_STRINGS = YES;
				SWIFT_VERSION = 5.0;
				TARGETED_DEVICE_FAMILY = 1;
			};
			name = Debug;
		};
		D3343008274D148500D3D866 /* Release */ = {
			isa = XCBuildConfiguration;
			buildSettings = {
				ASSETCATALOG_COMPILER_GLOBAL_ACCENT_COLOR_NAME = AccentColor;
				ASSETCATALOG_COMPILER_WIDGET_BACKGROUND_COLOR_NAME = WidgetBackground;
				CLANG_CXX_LANGUAGE_STANDARD = "gnu++17";
				CODE_SIGN_ENTITLEMENTS = GoodHabitsWidgetExtension.entitlements;
				CODE_SIGN_STYLE = Automatic;
				CURRENT_PROJECT_VERSION = 4;
				DEVELOPMENT_TEAM = K2X8834C2C;
				GENERATE_INFOPLIST_FILE = YES;
				INFOPLIST_FILE = GoodHabitsWidget/Info.plist;
				INFOPLIST_KEY_CFBundleDisplayName = GoodHabitsWidget;
				INFOPLIST_KEY_NSHumanReadableCopyright = "";
				IPHONEOS_DEPLOYMENT_TARGET = 15.0;
				LD_RUNPATH_SEARCH_PATHS = (
					"$(inherited)",
					"@executable_path/Frameworks",
					"@executable_path/../../Frameworks",
				);
				MARKETING_VERSION = 0.3;
				PRODUCT_BUNDLE_IDENTIFIER = com.simonbogutzky.GoodHabits.GoodHabitsWidget;
				PRODUCT_NAME = "$(TARGET_NAME)";
				SKIP_INSTALL = YES;
				SWIFT_EMIT_LOC_STRINGS = YES;
				SWIFT_VERSION = 5.0;
				TARGETED_DEVICE_FAMILY = 1;
			};
			name = Release;
		};
		D39BDA2026BAE9E000CAFA0B /* Debug */ = {
			isa = XCBuildConfiguration;
			buildSettings = {
				ALWAYS_SEARCH_USER_PATHS = NO;
				CLANG_ANALYZER_LOCALIZABILITY_NONLOCALIZED = YES;
				CLANG_ANALYZER_NONNULL = YES;
				CLANG_ANALYZER_NUMBER_OBJECT_CONVERSION = YES_AGGRESSIVE;
				CLANG_CXX_LANGUAGE_STANDARD = "gnu++14";
				CLANG_CXX_LIBRARY = "libc++";
				CLANG_ENABLE_MODULES = YES;
				CLANG_ENABLE_OBJC_ARC = YES;
				CLANG_ENABLE_OBJC_WEAK = YES;
				CLANG_WARN_BLOCK_CAPTURE_AUTORELEASING = YES;
				CLANG_WARN_BOOL_CONVERSION = YES;
				CLANG_WARN_COMMA = YES;
				CLANG_WARN_CONSTANT_CONVERSION = YES;
				CLANG_WARN_DEPRECATED_OBJC_IMPLEMENTATIONS = YES;
				CLANG_WARN_DIRECT_OBJC_ISA_USAGE = YES_ERROR;
				CLANG_WARN_DOCUMENTATION_COMMENTS = YES;
				CLANG_WARN_EMPTY_BODY = YES;
				CLANG_WARN_ENUM_CONVERSION = YES;
				CLANG_WARN_INFINITE_RECURSION = YES;
				CLANG_WARN_INT_CONVERSION = YES;
				CLANG_WARN_NON_LITERAL_NULL_CONVERSION = YES;
				CLANG_WARN_OBJC_IMPLICIT_RETAIN_SELF = YES;
				CLANG_WARN_OBJC_LITERAL_CONVERSION = YES;
				CLANG_WARN_OBJC_ROOT_CLASS = YES_ERROR;
				CLANG_WARN_QUOTED_INCLUDE_IN_FRAMEWORK_HEADER = YES;
				CLANG_WARN_RANGE_LOOP_ANALYSIS = YES;
				CLANG_WARN_STRICT_PROTOTYPES = YES;
				CLANG_WARN_SUSPICIOUS_MOVE = YES;
				CLANG_WARN_UNGUARDED_AVAILABILITY = YES_AGGRESSIVE;
				CLANG_WARN_UNREACHABLE_CODE = YES;
				CLANG_WARN__DUPLICATE_METHOD_MATCH = YES;
				COPY_PHASE_STRIP = NO;
				DEBUG_INFORMATION_FORMAT = dwarf;
				ENABLE_STRICT_OBJC_MSGSEND = YES;
				ENABLE_TESTABILITY = YES;
				GCC_C_LANGUAGE_STANDARD = gnu11;
				GCC_DYNAMIC_NO_PIC = NO;
				GCC_NO_COMMON_BLOCKS = YES;
				GCC_OPTIMIZATION_LEVEL = 0;
				GCC_PREPROCESSOR_DEFINITIONS = (
					"DEBUG=1",
					"$(inherited)",
				);
				GCC_WARN_64_TO_32_BIT_CONVERSION = YES;
				GCC_WARN_ABOUT_RETURN_TYPE = YES_ERROR;
				GCC_WARN_UNDECLARED_SELECTOR = YES;
				GCC_WARN_UNINITIALIZED_AUTOS = YES_AGGRESSIVE;
				GCC_WARN_UNUSED_FUNCTION = YES;
				GCC_WARN_UNUSED_VARIABLE = YES;
				IPHONEOS_DEPLOYMENT_TARGET = 14.5;
				MTL_ENABLE_DEBUG_INFO = INCLUDE_SOURCE;
				MTL_FAST_MATH = YES;
				ONLY_ACTIVE_ARCH = YES;
				SDKROOT = iphoneos;
				SWIFT_ACTIVE_COMPILATION_CONDITIONS = DEBUG;
				SWIFT_OPTIMIZATION_LEVEL = "-Onone";
			};
			name = Debug;
		};
		D39BDA2126BAE9E000CAFA0B /* Release */ = {
			isa = XCBuildConfiguration;
			buildSettings = {
				ALWAYS_SEARCH_USER_PATHS = NO;
				CLANG_ANALYZER_LOCALIZABILITY_NONLOCALIZED = YES;
				CLANG_ANALYZER_NONNULL = YES;
				CLANG_ANALYZER_NUMBER_OBJECT_CONVERSION = YES_AGGRESSIVE;
				CLANG_CXX_LANGUAGE_STANDARD = "gnu++14";
				CLANG_CXX_LIBRARY = "libc++";
				CLANG_ENABLE_MODULES = YES;
				CLANG_ENABLE_OBJC_ARC = YES;
				CLANG_ENABLE_OBJC_WEAK = YES;
				CLANG_WARN_BLOCK_CAPTURE_AUTORELEASING = YES;
				CLANG_WARN_BOOL_CONVERSION = YES;
				CLANG_WARN_COMMA = YES;
				CLANG_WARN_CONSTANT_CONVERSION = YES;
				CLANG_WARN_DEPRECATED_OBJC_IMPLEMENTATIONS = YES;
				CLANG_WARN_DIRECT_OBJC_ISA_USAGE = YES_ERROR;
				CLANG_WARN_DOCUMENTATION_COMMENTS = YES;
				CLANG_WARN_EMPTY_BODY = YES;
				CLANG_WARN_ENUM_CONVERSION = YES;
				CLANG_WARN_INFINITE_RECURSION = YES;
				CLANG_WARN_INT_CONVERSION = YES;
				CLANG_WARN_NON_LITERAL_NULL_CONVERSION = YES;
				CLANG_WARN_OBJC_IMPLICIT_RETAIN_SELF = YES;
				CLANG_WARN_OBJC_LITERAL_CONVERSION = YES;
				CLANG_WARN_OBJC_ROOT_CLASS = YES_ERROR;
				CLANG_WARN_QUOTED_INCLUDE_IN_FRAMEWORK_HEADER = YES;
				CLANG_WARN_RANGE_LOOP_ANALYSIS = YES;
				CLANG_WARN_STRICT_PROTOTYPES = YES;
				CLANG_WARN_SUSPICIOUS_MOVE = YES;
				CLANG_WARN_UNGUARDED_AVAILABILITY = YES_AGGRESSIVE;
				CLANG_WARN_UNREACHABLE_CODE = YES;
				CLANG_WARN__DUPLICATE_METHOD_MATCH = YES;
				COPY_PHASE_STRIP = NO;
				DEBUG_INFORMATION_FORMAT = "dwarf-with-dsym";
				ENABLE_NS_ASSERTIONS = NO;
				ENABLE_STRICT_OBJC_MSGSEND = YES;
				GCC_C_LANGUAGE_STANDARD = gnu11;
				GCC_NO_COMMON_BLOCKS = YES;
				GCC_WARN_64_TO_32_BIT_CONVERSION = YES;
				GCC_WARN_ABOUT_RETURN_TYPE = YES_ERROR;
				GCC_WARN_UNDECLARED_SELECTOR = YES;
				GCC_WARN_UNINITIALIZED_AUTOS = YES_AGGRESSIVE;
				GCC_WARN_UNUSED_FUNCTION = YES;
				GCC_WARN_UNUSED_VARIABLE = YES;
				IPHONEOS_DEPLOYMENT_TARGET = 14.5;
				MTL_ENABLE_DEBUG_INFO = NO;
				MTL_FAST_MATH = YES;
				SDKROOT = iphoneos;
				SWIFT_COMPILATION_MODE = wholemodule;
				SWIFT_OPTIMIZATION_LEVEL = "-O";
				VALIDATE_PRODUCT = YES;
			};
			name = Release;
		};
		D39BDA2326BAE9E000CAFA0B /* Debug */ = {
			isa = XCBuildConfiguration;
			buildSettings = {
				ALWAYS_EMBED_SWIFT_STANDARD_LIBRARIES = YES;
				ASSETCATALOG_COMPILER_APPICON_NAME = AppIcon;
				ASSETCATALOG_COMPILER_GLOBAL_ACCENT_COLOR_NAME = AccentColor;
				CODE_SIGN_ENTITLEMENTS = GoodHabits/GoodHabits.entitlements;
				CODE_SIGN_STYLE = Automatic;
				CURRENT_PROJECT_VERSION = 4;
				DEVELOPMENT_ASSET_PATHS = "\"GoodHabits/Preview Content\"";
				DEVELOPMENT_TEAM = K2X8834C2C;
				ENABLE_PREVIEWS = YES;
				INFOPLIST_FILE = GoodHabits/Info.plist;
				IPHONEOS_DEPLOYMENT_TARGET = 15.0;
				LD_RUNPATH_SEARCH_PATHS = (
					"$(inherited)",
					"@executable_path/Frameworks",
				);
				MARKETING_VERSION = 0.3;
				PRODUCT_BUNDLE_IDENTIFIER = com.simonbogutzky.GoodHabits;
				PRODUCT_NAME = "$(TARGET_NAME)";
				SWIFT_VERSION = 5.0;
				TARGETED_DEVICE_FAMILY = 1;
			};
			name = Debug;
		};
		D39BDA2426BAE9E000CAFA0B /* Release */ = {
			isa = XCBuildConfiguration;
			buildSettings = {
				ALWAYS_EMBED_SWIFT_STANDARD_LIBRARIES = YES;
				ASSETCATALOG_COMPILER_APPICON_NAME = AppIcon;
				ASSETCATALOG_COMPILER_GLOBAL_ACCENT_COLOR_NAME = AccentColor;
				CODE_SIGN_ENTITLEMENTS = GoodHabits/GoodHabits.entitlements;
				CODE_SIGN_STYLE = Automatic;
				CURRENT_PROJECT_VERSION = 4;
				DEVELOPMENT_ASSET_PATHS = "\"GoodHabits/Preview Content\"";
				DEVELOPMENT_TEAM = K2X8834C2C;
				ENABLE_PREVIEWS = YES;
				INFOPLIST_FILE = GoodHabits/Info.plist;
				IPHONEOS_DEPLOYMENT_TARGET = 15.0;
				LD_RUNPATH_SEARCH_PATHS = (
					"$(inherited)",
					"@executable_path/Frameworks",
				);
				MARKETING_VERSION = 0.3;
				PRODUCT_BUNDLE_IDENTIFIER = com.simonbogutzky.GoodHabits;
				PRODUCT_NAME = "$(TARGET_NAME)";
				SWIFT_VERSION = 5.0;
				TARGETED_DEVICE_FAMILY = 1;
			};
			name = Release;
		};
		D39BDA2626BAE9E000CAFA0B /* Debug */ = {
			isa = XCBuildConfiguration;
			buildSettings = {
				ALWAYS_EMBED_SWIFT_STANDARD_LIBRARIES = YES;
				BUNDLE_LOADER = "$(TEST_HOST)";
				CODE_SIGN_STYLE = Automatic;
				DEVELOPMENT_TEAM = K2X8834C2C;
				INFOPLIST_FILE = GoodHabitsTests/Info.plist;
				IPHONEOS_DEPLOYMENT_TARGET = 15.0;
				LD_RUNPATH_SEARCH_PATHS = (
					"$(inherited)",
					"@executable_path/Frameworks",
					"@loader_path/Frameworks",
				);
				PRODUCT_BUNDLE_IDENTIFIER = "de.local-solutions.GoodHabitsTests";
				PRODUCT_NAME = "$(TARGET_NAME)";
				SWIFT_VERSION = 5.0;
				TARGETED_DEVICE_FAMILY = "1,2";
				TEST_HOST = "$(BUILT_PRODUCTS_DIR)/GoodHabits.app/GoodHabits";
			};
			name = Debug;
		};
		D39BDA2726BAE9E000CAFA0B /* Release */ = {
			isa = XCBuildConfiguration;
			buildSettings = {
				ALWAYS_EMBED_SWIFT_STANDARD_LIBRARIES = YES;
				BUNDLE_LOADER = "$(TEST_HOST)";
				CODE_SIGN_STYLE = Automatic;
				DEVELOPMENT_TEAM = K2X8834C2C;
				INFOPLIST_FILE = GoodHabitsTests/Info.plist;
				IPHONEOS_DEPLOYMENT_TARGET = 15.0;
				LD_RUNPATH_SEARCH_PATHS = (
					"$(inherited)",
					"@executable_path/Frameworks",
					"@loader_path/Frameworks",
				);
				PRODUCT_BUNDLE_IDENTIFIER = "de.local-solutions.GoodHabitsTests";
				PRODUCT_NAME = "$(TARGET_NAME)";
				SWIFT_VERSION = 5.0;
				TARGETED_DEVICE_FAMILY = "1,2";
				TEST_HOST = "$(BUILT_PRODUCTS_DIR)/GoodHabits.app/GoodHabits";
			};
			name = Release;
		};
/* End XCBuildConfiguration section */

/* Begin XCConfigurationList section */
		D3343009274D148500D3D866 /* Build configuration list for PBXNativeTarget "GoodHabitsWidgetExtension" */ = {
			isa = XCConfigurationList;
			buildConfigurations = (
				D3343007274D148500D3D866 /* Debug */,
				D3343008274D148500D3D866 /* Release */,
			);
			defaultConfigurationIsVisible = 0;
			defaultConfigurationName = Release;
		};
		D39BD9F326BAE9DC00CAFA0B /* Build configuration list for PBXProject "GoodHabits" */ = {
			isa = XCConfigurationList;
			buildConfigurations = (
				D39BDA2026BAE9E000CAFA0B /* Debug */,
				D39BDA2126BAE9E000CAFA0B /* Release */,
			);
			defaultConfigurationIsVisible = 0;
			defaultConfigurationName = Release;
		};
		D39BDA2226BAE9E000CAFA0B /* Build configuration list for PBXNativeTarget "GoodHabits" */ = {
			isa = XCConfigurationList;
			buildConfigurations = (
				D39BDA2326BAE9E000CAFA0B /* Debug */,
				D39BDA2426BAE9E000CAFA0B /* Release */,
			);
			defaultConfigurationIsVisible = 0;
			defaultConfigurationName = Release;
		};
		D39BDA2526BAE9E000CAFA0B /* Build configuration list for PBXNativeTarget "GoodHabitsTests" */ = {
			isa = XCConfigurationList;
			buildConfigurations = (
				D39BDA2626BAE9E000CAFA0B /* Debug */,
				D39BDA2726BAE9E000CAFA0B /* Release */,
			);
			defaultConfigurationIsVisible = 0;
			defaultConfigurationName = Release;
		};
/* End XCConfigurationList section */

/* Begin XCVersionGroup section */
		D39BDA0626BAE9E000CAFA0B /* GoodHabits.xcdatamodeld */ = {
			isa = XCVersionGroup;
			children = (
				D39BDA0726BAE9E000CAFA0B /* GoodHabits.xcdatamodel */,
			);
			currentVersion = D39BDA0726BAE9E000CAFA0B /* GoodHabits.xcdatamodel */;
			path = GoodHabits.xcdatamodeld;
			sourceTree = "<group>";
			versionGroupType = wrapper.xcdatamodel;
		};
/* End XCVersionGroup section */
	};
	rootObject = D39BD9F026BAE9DC00CAFA0B /* Project object */;
}
